
Microsoft Visual Studio Solution File, Format Version 12.00
# Visual Studio 15
VisualStudioVersion = 15.0.28307.1340
MinimumVisualStudioVersion = 10.0.40219.1
Project("{FAE04EC0-301F-11D3-BF4B-00C04F79EFBC}") = "Assignment1_Spring2021", "Assignment1_Spring2021\Assignment1_Spring2021.csproj", "{FF311D99-478C-4336-95AB-D876B387699A}"
EndProject
Global
	GlobalSection(SolutionConfigurationPlatforms) = preSolution
		Debug|Any CPU = Debug|Any CPU
		Release|Any CPU = Release|Any CPU
	EndGlobalSection
	GlobalSection(ProjectConfigurationPlatforms) = postSolution
		{FF311D99-478C-4336-95AB-D876B387699A}.Debug|Any CPU.ActiveCfg = Debug|Any CPU
		{FF311D99-478C-4336-95AB-D876B387699A}.Debug|Any CPU.Build.0 = Debug|Any CPU
		{FF311D99-478C-4336-95AB-D876B387699A}.Release|Any CPU.ActiveCfg = Release|Any CPU
		{FF311D99-478C-4336-95AB-D876B387699A}.Release|Any CPU.Build.0 = Release|Any CPU
	EndGlobalSection
	GlobalSection(SolutionProperties) = preSolution
		HideSolutionNode = FALSE
	EndGlobalSection
	GlobalSection(ExtensibilityGlobals) = postSolution
		SolutionGuid = {3101628D-8465-4050-8209-3A6F66DD5291}
	EndGlobalSection
EndGlobal
